
Microsoft Visual Studio Solution File, Format Version 12.00
# Visual Studio Version 17
VisualStudioVersion = 17.14.36310.24 d17.14
MinimumVisualStudioVersion = 10.0.40219.1
Project("{FAE04EC0-301F-11D3-BF4B-00C04F79EFBC}") = "WebApp", "WebApp.csproj", "{EABD3E6C-01C3-4131-A1C8-D1DA16CBC2F9}"
EndProject
Global
	GlobalSection(SolutionConfigurationPlatforms) = preSolution
		Debug|Any CPU = Debug|Any CPU
		Release|Any CPU = Release|Any CPU
	EndGlobalSection
	GlobalSection(ProjectConfigurationPlatforms) = postSolution
		{EABD3E6C-01C3-4131-A1C8-D1DA16CBC2F9}.Debug|Any CPU.ActiveCfg = Debug|Any CPU
		{EABD3E6C-01C3-4131-A1C8-D1DA16CBC2F9}.Debug|Any CPU.Build.0 = Debug|Any CPU
		{EABD3E6C-01C3-4131-A1C8-D1DA16CBC2F9}.Release|Any CPU.ActiveCfg = Release|Any CPU
		{EABD3E6C-01C3-4131-A1C8-D1DA16CBC2F9}.Release|Any CPU.Build.0 = Release|Any CPU
	EndGlobalSection
	GlobalSection(SolutionProperties) = preSolution
		HideSolutionNode = FALSE
	EndGlobalSection
	GlobalSection(ExtensibilityGlobals) = postSolution
		SolutionGuid = {D1A6F496-AABE-4A1C-BDEC-D609FC30265D}
	EndGlobalSection
EndGlobal
